
Microsoft Visual Studio Solution File, Format Version 12.00
# Visual Studio Version 17
VisualStudioVersion = 17.8.34322.80
MinimumVisualStudioVersion = 10.0.40219.1
Project("{FAE04EC0-301F-11D3-BF4B-00C04F79EFBC}") = "lab14", "lab14\lab14.csproj", "{67F62A91-C4E3-489A-A55B-73FFC792BD96}"
EndProject
Global
	GlobalSection(SolutionConfigurationPlatforms) = preSolution
		Debug|Any CPU = Debug|Any CPU
		Release|Any CPU = Release|Any CPU
	EndGlobalSection
	GlobalSection(ProjectConfigurationPlatforms) = postSolution
		{67F62A91-C4E3-489A-A55B-73FFC792BD96}.Debug|Any CPU.ActiveCfg = Debug|Any CPU
		{67F62A91-C4E3-489A-A55B-73FFC792BD96}.Debug|Any CPU.Build.0 = Debug|Any CPU
		{67F62A91-C4E3-489A-A55B-73FFC792BD96}.Release|Any CPU.ActiveCfg = Release|Any CPU
		{67F62A91-C4E3-489A-A55B-73FFC792BD96}.Release|Any CPU.Build.0 = Release|Any CPU
	EndGlobalSection
	GlobalSection(SolutionProperties) = preSolution
		HideSolutionNode = FALSE
	EndGlobalSection
	GlobalSection(ExtensibilityGlobals) = postSolution
		SolutionGuid = {3264BB17-A711-4288-BB4C-F0404D1032B3}
	EndGlobalSection
EndGlobal
