
Microsoft Visual Studio Solution File, Format Version 12.00
# Visual Studio Version 17
VisualStudioVersion = 17.7.34031.279
MinimumVisualStudioVersion = 10.0.40219.1
Project("{FAE04EC0-301F-11D3-BF4B-00C04F79EFBC}") = "lab3", "lab3\lab3.csproj", "{9B930920-EEA0-4F79-9DB4-562FE3CD5ED6}"
EndProject
Global
	GlobalSection(SolutionConfigurationPlatforms) = preSolution
		Debug|Any CPU = Debug|Any CPU
		Release|Any CPU = Release|Any CPU
	EndGlobalSection
	GlobalSection(ProjectConfigurationPlatforms) = postSolution
		{9B930920-EEA0-4F79-9DB4-562FE3CD5ED6}.Debug|Any CPU.ActiveCfg = Debug|Any CPU
		{9B930920-EEA0-4F79-9DB4-562FE3CD5ED6}.Debug|Any CPU.Build.0 = Debug|Any CPU
		{9B930920-EEA0-4F79-9DB4-562FE3CD5ED6}.Release|Any CPU.ActiveCfg = Release|Any CPU
		{9B930920-EEA0-4F79-9DB4-562FE3CD5ED6}.Release|Any CPU.Build.0 = Release|Any CPU
	EndGlobalSection
	GlobalSection(SolutionProperties) = preSolution
		HideSolutionNode = FALSE
	EndGlobalSection
	GlobalSection(ExtensibilityGlobals) = postSolution
		SolutionGuid = {6A28A157-977D-41CE-8BDE-A22083575595}
	EndGlobalSection
EndGlobal
